
Microsoft Visual Studio Solution File, Format Version 12.00
# Visual Studio Version 17
VisualStudioVersion = 17.4.33213.308
MinimumVisualStudioVersion = 10.0.40219.1
Project("{FAE04EC0-301F-11D3-BF4B-00C04F79EFBC}") = "PFMS", "PFMS\PFMS.csproj", "{BCD709A3-E679-4353-B808-A423B04628C0}"
EndProject
Global
	GlobalSection(SolutionConfigurationPlatforms) = preSolution
		Debug|Any CPU = Debug|Any CPU
		Release|Any CPU = Release|Any CPU
	EndGlobalSection
	GlobalSection(ProjectConfigurationPlatforms) = postSolution
		{BCD709A3-E679-4353-B808-A423B04628C0}.Debug|Any CPU.ActiveCfg = Debug|Any CPU
		{BCD709A3-E679-4353-B808-A423B04628C0}.Debug|Any CPU.Build.0 = Debug|Any CPU
		{BCD709A3-E679-4353-B808-A423B04628C0}.Release|Any CPU.ActiveCfg = Release|Any CPU
		{BCD709A3-E679-4353-B808-A423B04628C0}.Release|Any CPU.Build.0 = Release|Any CPU
	EndGlobalSection
	GlobalSection(SolutionProperties) = preSolution
		HideSolutionNode = FALSE
	EndGlobalSection
	GlobalSection(ExtensibilityGlobals) = postSolution
		SolutionGuid = {049054C9-8618-47B5-BF33-3D8867ECA893}
	EndGlobalSection
EndGlobal
